Microsoft Visual Studio Solution File, Format Version 12.00
# Visual Studio Version 17
VisualStudioVersion = 17.5.2.0
MinimumVisualStudioVersion = 10.0.40219.1
Project("{FAE04EC0-301F-11D3-BF4B-00C04F79EFBC}") = "SistBiblio", "SistBiblio\SistBiblio.csproj", "{2205F624-84C2-8135-739B-3FEB35AB780D}"
EndProject
Global
	GlobalSection(SolutionConfigurationPlatforms) = preSolution
		Debug|Any CPU = Debug|Any CPU
		Release|Any CPU = Release|Any CPU
	EndGlobalSection
	GlobalSection(ProjectConfigurationPlatforms) = postSolution
		{2205F624-84C2-8135-739B-3FEB35AB780D}.Debug|Any CPU.ActiveCfg = Debug|Any CPU
		{2205F624-84C2-8135-739B-3FEB35AB780D}.Debug|Any CPU.Build.0 = Debug|Any CPU
		{2205F624-84C2-8135-739B-3FEB35AB780D}.Release|Any CPU.ActiveCfg = Release|Any CPU
		{2205F624-84C2-8135-739B-3FEB35AB780D}.Release|Any CPU.Build.0 = Release|Any CPU
	EndGlobalSection
	GlobalSection(SolutionProperties) = preSolution
		HideSolutionNode = FALSE
	EndGlobalSection
	GlobalSection(ExtensibilityGlobals) = postSolution
		SolutionGuid = {A1123C52-9B40-4D9C-BA19-F3F62DDFAD70}
	EndGlobalSection
EndGlobal
